
Microsoft Visual Studio Solution File, Format Version 12.00
# Visual Studio Version 16
VisualStudioVersion = 16.0.31410.223
MinimumVisualStudioVersion = 10.0.40219.1
Project("{FAE04EC0-301F-11D3-BF4B-00C04F79EFBC}") = "ToDo WPF", "ToDo WPF\ToDo WPF.csproj", "{F2B74325-E053-4057-9958-C801A9EC02CD}"
EndProject
Global
	GlobalSection(SolutionConfigurationPlatforms) = preSolution
		Debug|Any CPU = Debug|Any CPU
		Release|Any CPU = Release|Any CPU
	EndGlobalSection
	GlobalSection(ProjectConfigurationPlatforms) = postSolution
		{F2B74325-E053-4057-9958-C801A9EC02CD}.Debug|Any CPU.ActiveCfg = Debug|Any CPU
		{F2B74325-E053-4057-9958-C801A9EC02CD}.Debug|Any CPU.Build.0 = Debug|Any CPU
		{F2B74325-E053-4057-9958-C801A9EC02CD}.Release|Any CPU.ActiveCfg = Release|Any CPU
		{F2B74325-E053-4057-9958-C801A9EC02CD}.Release|Any CPU.Build.0 = Release|Any CPU
	EndGlobalSection
	GlobalSection(SolutionProperties) = preSolution
		HideSolutionNode = FALSE
	EndGlobalSection
	GlobalSection(ExtensibilityGlobals) = postSolution
		SolutionGuid = {4486DFA3-DA18-4B73-8648-BFC9CB852728}
	EndGlobalSection
EndGlobal
